
Microsoft Visual Studio Solution File, Format Version 12.00
# Visual Studio 15
VisualStudioVersion = 15.0.28307.902
MinimumVisualStudioVersion = 10.0.40219.1
Project("{2150E333-8FDC-42A3-9474-1A3956D46DE8}") = "Source", "Source", "{B1F07A5F-78C9-40E2-8AA5-C036DDF31142}"
EndProject
Project("{2150E333-8FDC-42A3-9474-1A3956D46DE8}") = "Tests", "Tests", "{D13732C4-6A2E-463B-AA38-2BA010B60B6D}"
EndProject
Project("{2150E333-8FDC-42A3-9474-1A3956D46DE8}") = "1-Presentation", "1-Presentation", "{AFD1CE25-BAF0-47F8-B9D8-6DDA3625CB04}"
EndProject
Project("{2150E333-8FDC-42A3-9474-1A3956D46DE8}") = "2-Application", "2-Application", "{C6A5A955-2228-4F4F-95A5-23E0B6EFCE7F}"
EndProject
Project("{2150E333-8FDC-42A3-9474-1A3956D46DE8}") = "3-Domain", "3-Domain", "{3C519E10-3339-456C-ACC7-1025AA8FF859}"
EndProject
Project("{2150E333-8FDC-42A3-9474-1A3956D46DE8}") = "4-Infrastructure", "4-Infrastructure", "{5F0D78C7-23F9-4786-8585-CE3574C982EF}"
EndProject
Project("{9A19103F-16F7-4668-BE54-9A1E7A4F7556}") = "GetDadosSensoresAPI", "Source\GetDadosSensores.WebAPI\GetDadosSensoresAPI.csproj", "{0F9AD0D3-E8F1-4214-8DEB-CB282B845421}"
EndProject
Project("{2150E333-8FDC-42A3-9474-1A3956D46DE8}") = "4.1-AcessoDados", "4.1-AcessoDados", "{D9B5DF74-361F-4336-BD6B-2815CBE96797}"
EndProject
Project("{2150E333-8FDC-42A3-9474-1A3956D46DE8}") = "4.2-Crosscutting", "4.2-Crosscutting", "{A75D3A7F-98D7-4415-A243-C8F683D0DCCA}"
EndProject
Project("{2150E333-8FDC-42A3-9474-1A3956D46DE8}") = "4.3-IoC", "4.3-IoC", "{FA417B13-7F05-4BFC-AC19-734491A4833C}"
EndProject
Project("{9A19103F-16F7-4668-BE54-9A1E7A4F7556}") = "GetDadosSensores.Domain", "Source\GetDadosSensores.Domain\GetDadosSensores.Domain.csproj", "{426FE2E9-FCF5-4A7E-B670-847753F99C84}"
EndProject
Project("{9A19103F-16F7-4668-BE54-9A1E7A4F7556}") = "GetDadosSensores.Application", "Source\GetDadosSensores.Application\GetDadosSensores.Application.csproj", "{1B42C1CC-6F7C-4607-A2A0-BCC9C53BCEBF}"
EndProject
Project("{9A19103F-16F7-4668-BE54-9A1E7A4F7556}") = "AcessoDados", "Source\GetDadosSensores.Infrastructure.AcessoDados\AcessoDados.csproj", "{86E2C435-3015-44D9-B21C-54A8F2401AA7}"
EndProject
Project("{9A19103F-16F7-4668-BE54-9A1E7A4F7556}") = "CrossCutting", "Source\GetDadosSensores.Infrastructure.CrossCutting\CrossCutting.csproj", "{C44AC659-FA34-42FC-BE9B-40188C6EF22A}"
EndProject
Project("{9A19103F-16F7-4668-BE54-9A1E7A4F7556}") = "IoC", "Source\GetDadosSensores.Infraestruture.IoC\IoC.csproj", "{B645CB27-7607-4F7F-9447-EC207DA895FE}"
EndProject
Project("{9A19103F-16F7-4668-BE54-9A1E7A4F7556}") = "XUnitTestProject1", "Tests\XUnitTestProject1\XUnitTestProject1.csproj", "{883198DB-9216-42FB-9ABE-599AA9AD75F1}"
EndProject
Global
	GlobalSection(SolutionConfigurationPlatforms) = preSolution
		Debug|Any CPU = Debug|Any CPU
		Release|Any CPU = Release|Any CPU
	EndGlobalSection
	GlobalSection(ProjectConfigurationPlatforms) = postSolution
		{0F9AD0D3-E8F1-4214-8DEB-CB282B845421}.Debug|Any CPU.ActiveCfg = Debug|Any CPU
		{0F9AD0D3-E8F1-4214-8DEB-CB282B845421}.Debug|Any CPU.Build.0 = Debug|Any CPU
		{0F9AD0D3-E8F1-4214-8DEB-CB282B845421}.Release|Any CPU.ActiveCfg = Release|Any CPU
		{0F9AD0D3-E8F1-4214-8DEB-CB282B845421}.Release|Any CPU.Build.0 = Release|Any CPU
		{426FE2E9-FCF5-4A7E-B670-847753F99C84}.Debug|Any CPU.ActiveCfg = Debug|Any CPU
		{426FE2E9-FCF5-4A7E-B670-847753F99C84}.Debug|Any CPU.Build.0 = Debug|Any CPU
		{426FE2E9-FCF5-4A7E-B670-847753F99C84}.Release|Any CPU.ActiveCfg = Release|Any CPU
		{426FE2E9-FCF5-4A7E-B670-847753F99C84}.Release|Any CPU.Build.0 = Release|Any CPU
		{1B42C1CC-6F7C-4607-A2A0-BCC9C53BCEBF}.Debug|Any CPU.ActiveCfg = Debug|Any CPU
		{1B42C1CC-6F7C-4607-A2A0-BCC9C53BCEBF}.Debug|Any CPU.Build.0 = Debug|Any CPU
		{1B42C1CC-6F7C-4607-A2A0-BCC9C53BCEBF}.Release|Any CPU.ActiveCfg = Release|Any CPU
		{1B42C1CC-6F7C-4607-A2A0-BCC9C53BCEBF}.Release|Any CPU.Build.0 = Release|Any CPU
		{86E2C435-3015-44D9-B21C-54A8F2401AA7}.Debug|Any CPU.ActiveCfg = Debug|Any CPU
		{86E2C435-3015-44D9-B21C-54A8F2401AA7}.Debug|Any CPU.Build.0 = Debug|Any CPU
		{86E2C435-3015-44D9-B21C-54A8F2401AA7}.Release|Any CPU.ActiveCfg = Release|Any CPU
		{86E2C435-3015-44D9-B21C-54A8F2401AA7}.Release|Any CPU.Build.0 = Release|Any CPU
		{C44AC659-FA34-42FC-BE9B-40188C6EF22A}.Debug|Any CPU.ActiveCfg = Debug|Any CPU
		{C44AC659-FA34-42FC-BE9B-40188C6EF22A}.Debug|Any CPU.Build.0 = Debug|Any CPU
		{C44AC659-FA34-42FC-BE9B-40188C6EF22A}.Release|Any CPU.ActiveCfg = Release|Any CPU
		{C44AC659-FA34-42FC-BE9B-40188C6EF22A}.Release|Any CPU.Build.0 = Release|Any CPU
		{B645CB27-7607-4F7F-9447-EC207DA895FE}.Debug|Any CPU.ActiveCfg = Debug|Any CPU
		{B645CB27-7607-4F7F-9447-EC207DA895FE}.Debug|Any CPU.Build.0 = Debug|Any CPU
		{B645CB27-7607-4F7F-9447-EC207DA895FE}.Release|Any CPU.ActiveCfg = Release|Any CPU
		{B645CB27-7607-4F7F-9447-EC207DA895FE}.Release|Any CPU.Build.0 = Release|Any CPU
		{883198DB-9216-42FB-9ABE-599AA9AD75F1}.Debug|Any CPU.ActiveCfg = Debug|Any CPU
		{883198DB-9216-42FB-9ABE-599AA9AD75F1}.Debug|Any CPU.Build.0 = Debug|Any CPU
		{883198DB-9216-42FB-9ABE-599AA9AD75F1}.Release|Any CPU.ActiveCfg = Release|Any CPU
		{883198DB-9216-42FB-9ABE-599AA9AD75F1}.Release|Any CPU.Build.0 = Release|Any CPU
	EndGlobalSection
	GlobalSection(SolutionProperties) = preSolution
		HideSolutionNode = FALSE
	EndGlobalSection
	GlobalSection(NestedProjects) = preSolution
		{AFD1CE25-BAF0-47F8-B9D8-6DDA3625CB04} = {B1F07A5F-78C9-40E2-8AA5-C036DDF31142}
		{C6A5A955-2228-4F4F-95A5-23E0B6EFCE7F} = {B1F07A5F-78C9-40E2-8AA5-C036DDF31142}
		{3C519E10-3339-456C-ACC7-1025AA8FF859} = {B1F07A5F-78C9-40E2-8AA5-C036DDF31142}
		{5F0D78C7-23F9-4786-8585-CE3574C982EF} = {B1F07A5F-78C9-40E2-8AA5-C036DDF31142}
		{0F9AD0D3-E8F1-4214-8DEB-CB282B845421} = {AFD1CE25-BAF0-47F8-B9D8-6DDA3625CB04}
		{D9B5DF74-361F-4336-BD6B-2815CBE96797} = {5F0D78C7-23F9-4786-8585-CE3574C982EF}
		{A75D3A7F-98D7-4415-A243-C8F683D0DCCA} = {5F0D78C7-23F9-4786-8585-CE3574C982EF}
		{FA417B13-7F05-4BFC-AC19-734491A4833C} = {5F0D78C7-23F9-4786-8585-CE3574C982EF}
		{426FE2E9-FCF5-4A7E-B670-847753F99C84} = {3C519E10-3339-456C-ACC7-1025AA8FF859}
		{1B42C1CC-6F7C-4607-A2A0-BCC9C53BCEBF} = {C6A5A955-2228-4F4F-95A5-23E0B6EFCE7F}
		{86E2C435-3015-44D9-B21C-54A8F2401AA7} = {D9B5DF74-361F-4336-BD6B-2815CBE96797}
		{C44AC659-FA34-42FC-BE9B-40188C6EF22A} = {A75D3A7F-98D7-4415-A243-C8F683D0DCCA}
		{B645CB27-7607-4F7F-9447-EC207DA895FE} = {FA417B13-7F05-4BFC-AC19-734491A4833C}
		{883198DB-9216-42FB-9ABE-599AA9AD75F1} = {D13732C4-6A2E-463B-AA38-2BA010B60B6D}
	EndGlobalSection
	GlobalSection(ExtensibilityGlobals) = postSolution
		SolutionGuid = {E8428B67-EEBA-499F-96A5-185A62365D43}
	EndGlobalSection
EndGlobal
